<?xml version="1.0" encoding="utf-8"?>
<Project ToolsVersion="4.0" xmlns="http://schemas.microsoft.com/developer/msbuild/2003">
  <ItemGroup>
    <Filter Include="Fichiers sources">
      <UniqueIdentifier>{4FC737F1-C7A5-4376-A066-2A32D752A2FF}</UniqueIdentifier>
      <Extensions>cpp;c;cc;cxx;def;odl;idl;hpj;bat;asm;asmx</Extensions>
    </Filter>
    <Filter Include="Fichiers d%27en-tête">
      <UniqueIdentifier>{93995380-89BD-4b04-88EB-625FBE52EBFB}</UniqueIdentifier>
      <Extensions>h;hh;hpp;hxx;hm;inl;inc;xsd</Extensions>
    </Filter>
    <Filter Include="Fichiers de ressources">
      <UniqueIdentifier>{67DA6AB6-F800-4c08-8B7A-83BB121AAD01}</UniqueIdentifier>
      <Extensions>rc;ico;cur;bmp;dlg;rc2;rct;bin;rgs;gif;jpg;jpeg;jpe;resx;tiff;tif;png;wav;mfcribbon-ms</Extensions>
    </Filter>
    <Filter Include="Fichiers sources\cstlib">
      <UniqueIdentifier>{45bccc34-575f-4f6d-b831-158d2c319a77}</UniqueIdentifier>
    </Filter>
  </ItemGroup>
  <ItemGroup>
    <ClCompile Include="Main.cpp">
      <Filter>Fichiers sources</Filter>
    </ClCompile>
    <ClCompile Include="debug.c">
      <Filter>Fichiers sources</Filter>
    </ClCompile>
    <ClCompile Include="expression.c">
      <Filter>Fichiers sources</Filter>
    </ClCompile>
    <ClCompile Include="heap.c">
      <Filter>Fichiers sources</Filter>
    </ClCompile>
    <ClCompile Include="include.c">
      <Filter>Fichiers sources</Filter>
    </ClCompile>
    <ClCompile Include="lex.c">
      <Filter>Fichiers sources</Filter>
    </ClCompile>
    <ClCompile Include="parse.c">
      <Filter>Fichiers sources</Filter>
    </ClCompile>
    <ClCompile Include="picoc.c">
      <Filter>Fichiers sources</Filter>
    </ClCompile>
    <ClCompile Include="platform.c">
      <Filter>Fichiers sources</Filter>
    </ClCompile>
    <ClCompile Include="table.c">
      <Filter>Fichiers sources</Filter>
    </ClCompile>
    <ClCompile Include="type.c">
      <Filter>Fichiers sources</Filter>
    </ClCompile>
    <ClCompile Include="variable.c">
      <Filter>Fichiers sources</Filter>
    </ClCompile>
    <ClCompile Include="library_msvc.c">
      <Filter>Fichiers sources</Filter>
    </ClCompile>
    <ClCompile Include="platform_msvc.c">
      <Filter>Fichiers sources</Filter>
    </ClCompile>
    <ClCompile Include="clibrary.c">
      <Filter>Fichiers sources</Filter>
    </ClCompile>
    <ClCompile Include="cstdlib\ctype.c">
      <Filter>Fichiers sources\cstlib</Filter>
    </ClCompile>
    <ClCompile Include="cstdlib\errno.c">
      <Filter>Fichiers sources\cstlib</Filter>
    </ClCompile>
    <ClCompile Include="cstdlib\math.c">
      <Filter>Fichiers sources\cstlib</Filter>
    </ClCompile>
    <ClCompile Include="cstdlib\stdbool.c">
      <Filter>Fichiers sources\cstlib</Filter>
    </ClCompile>
    <ClCompile Include="cstdlib\stdio.c">
      <Filter>Fichiers sources\cstlib</Filter>
    </ClCompile>
    <ClCompile Include="cstdlib\stdlib.c">
      <Filter>Fichiers sources\cstlib</Filter>
    </ClCompile>
    <ClCompile Include="cstdlib\string.c">
      <Filter>Fichiers sources\cstlib</Filter>
    </ClCompile>
    <ClCompile Include="cstdlib\time.c">
      <Filter>Fichiers sources\cstlib</Filter>
    </ClCompile>
  </ItemGroup>
  <ItemGroup>
    <ClInclude Include="picoc.h">
      <Filter>Fichiers d%27en-tête</Filter>
    </ClInclude>
    <ClInclude Include="platform.h">
      <Filter>Fichiers d%27en-tête</Filter>
    </ClInclude>
    <ClInclude Include="interpreter.h">
      <Filter>Fichiers d%27en-tête</Filter>
    </ClInclude>
  </ItemGroup>
</Project>